<?xml version="1.0" encoding="utf-8"?>
<Project ToolsVersion="4.0" xmlns="http://schemas.microsoft.com/developer/msbuild/2003">
  <ItemGroup>
    <Filter Include="Quelldateien">
      <UniqueIdentifier>{4FC737F1-C7A5-4376-A066-2A32D752A2FF}</UniqueIdentifier>
      <Extensions>cpp;c;cc;cxx;c++;cppm;ixx;def;odl;idl;hpj;bat;asm;asmx</Extensions>
    </Filter>
    <Filter Include="Headerdateien">
      <UniqueIdentifier>{93995380-89BD-4b04-88EB-625FBE52EBFB}</UniqueIdentifier>
      <Extensions>h;hh;hpp;hxx;h++;hm;inl;inc;ipp;xsd</Extensions>
    </Filter>
    <Filter Include="Ressourcendateien">
      <UniqueIdentifier>{67DA6AB6-F800-4c08-8B7A-83BB121AAD01}</UniqueIdentifier>
      <Extensions>rc;ico;cur;bmp;dlg;rc2;rct;bin;rgs;gif;jpg;jpeg;jpe;resx;tiff;tif;png;wav;mfcribbon-ms</Extensions>
    </Filter>
  </ItemGroup>
  <ItemGroup>
    <ClInclude Include="pch.h">
      <Filter>Headerdateien</Filter>
    </ClInclude>
    <ClInclude Include="core\core.h">
      <Filter>Headerdateien</Filter>
    </ClInclude>
    <ClInclude Include="hooks\hooks.h">
      <Filter>Headerdateien</Filter>
    </ClInclude>
    <ClInclude Include="render\render.h">
      <Filter>Headerdateien</Filter>
    </ClInclude>
    <ClInclude Include="render\ui\ui_widgets.h">
      <Filter>Headerdateien</Filter>
    </ClInclude>
    <ClInclude Include="render\ui\menu.h">
      <Filter>Headerdateien</Filter>
    </ClInclude>
    <ClInclude Include="render\ui\secureloader_icon.h">
      <Filter>Headerdateien</Filter>
    </ClInclude>
    <ClInclude Include="render\texture_loader.h">
      <Filter>Headerdateien</Filter>
    </ClInclude>
    <ClInclude Include="external\stb_image.h">
      <Filter>Headerdateien</Filter>
    </ClInclude>
    <ClInclude Include="config\config.h">
      <Filter>Headerdateien</Filter>
    </ClInclude>
    <ClInclude Include="features\features.h">
      <Filter>Headerdateien</Filter>
    </ClInclude>
    <ClInclude Include="features\chams.h">
      <Filter>Headerdateien</Filter>
    </ClInclude>
    <ClInclude Include="features\debug_draw.h">
      <Filter>Headerdateien</Filter>
    </ClInclude>
    <ClInclude Include="features\path_prediction.h">
      <Filter>Headerdateien</Filter>
    </ClInclude>
    <ClInclude Include="features\collectibles.h">
      <Filter>Headerdateien</Filter>
    </ClInclude>
    <ClInclude Include="features\game_cache.h">
      <Filter>Headerdateien</Filter>
    </ClInclude>
    <ClInclude Include="features\esp.h">
      <Filter>Headerdateien</Filter>
    </ClInclude>
    <ClInclude Include="features\debug_view.h">
      <Filter>Headerdateien</Filter>
    </ClInclude>
    <ClInclude Include="external\imgui\imgui.h">
      <Filter>Headerdateien</Filter>
    </ClInclude>
    <ClInclude Include="external\imgui\imgui_internal.h">
      <Filter>Headerdateien</Filter>
    </ClInclude>
    <ClInclude Include="external\imgui\imconfig.h">
      <Filter>Headerdateien</Filter>
    </ClInclude>
    <ClInclude Include="external\imgui\imstb_rectpack.h">
      <Filter>Headerdateien</Filter>
    </ClInclude>
    <ClInclude Include="external\imgui\imstb_textedit.h">
      <Filter>Headerdateien</Filter>
    </ClInclude>
    <ClInclude Include="external\imgui\imstb_truetype.h">
      <Filter>Headerdateien</Filter>
    </ClInclude>
    <ClInclude Include="external\imgui\backends\imgui_impl_dx11.h">
      <Filter>Headerdateien</Filter>
    </ClInclude>
    <ClInclude Include="external\imgui\backends\imgui_impl_win32.h">
      <Filter>Headerdateien</Filter>
    </ClInclude>
    <ClInclude Include="external\minhook\MinHook.h">
      <Filter>Headerdateien</Filter>
    </ClInclude>
    <ClInclude Include="features\inventory_changer.h">
      <Filter>Headerdateien</Filter>
    </ClInclude>
  </ItemGroup>
  <ItemGroup>
    <ClCompile Include="dllmain.cpp">
      <Filter>Quelldateien</Filter>
    </ClCompile>
    <ClCompile Include="pch.cpp">
      <Filter>Quelldateien</Filter>
    </ClCompile>
    <ClCompile Include="core\core.cpp">
      <Filter>Quelldateien</Filter>
    </ClCompile>
    <ClCompile Include="hooks\hooks.cpp">
      <Filter>Quelldateien</Filter>
    </ClCompile>
    <ClCompile Include="render\render.cpp">
      <Filter>Quelldateien</Filter>
    </ClCompile>
    <ClCompile Include="features\features.cpp">
      <Filter>Quelldateien</Filter>
    </ClCompile>
    <ClCompile Include="features\chams.cpp">
      <Filter>Quelldateien</Filter>
    </ClCompile>
    <ClCompile Include="features\debug_draw.cpp">
      <Filter>Quelldateien</Filter>
    </ClCompile>
    <ClCompile Include="external\imgui\imgui.cpp">
      <Filter>Quelldateien</Filter>
    </ClCompile>
    <ClCompile Include="external\imgui\imgui_draw.cpp">
      <Filter>Quelldateien</Filter>
    </ClCompile>
    <ClCompile Include="external\imgui\imgui_tables.cpp">
      <Filter>Quelldateien</Filter>
    </ClCompile>
    <ClCompile Include="external\imgui\imgui_widgets.cpp">
      <Filter>Quelldateien</Filter>
    </ClCompile>
    <ClCompile Include="external\imgui\backends\imgui_impl_dx11.cpp">
      <Filter>Quelldateien</Filter>
    </ClCompile>
    <ClCompile Include="external\imgui\backends\imgui_impl_win32.cpp">
      <Filter>Quelldateien</Filter>
    </ClCompile>
    <ClCompile Include="external\minhook\buffer.c">
      <Filter>Quelldateien</Filter>
    </ClCompile>
    <ClCompile Include="external\minhook\hook.c">
      <Filter>Quelldateien</Filter>
    </ClCompile>
    <ClCompile Include="external\minhook\trampoline.c">
      <Filter>Quelldateien</Filter>
    </ClCompile>
    <ClCompile Include="external\minhook\hde\hde64.c">
      <Filter>Quelldateien</Filter>
    </ClCompile>
    <ClCompile Include="sdk\sdk.cpp">
      <Filter>Quelldateien</Filter>
    </ClCompile>
    <ClCompile Include="config\config.cpp">
      <Filter>Quelldateien</Filter>
    </ClCompile>
    <ClCompile Include="features\path_prediction.cpp">
      <Filter>Quelldateien</Filter>
    </ClCompile>
    <ClCompile Include="features\collectibles.cpp">
      <Filter>Quelldateien</Filter>
    </ClCompile>
    <ClCompile Include="features\game_cache.cpp">
      <Filter>Quelldateien</Filter>
    </ClCompile>
    <ClCompile Include="features\esp.cpp">
      <Filter>Quelldateien</Filter>
    </ClCompile>
    <ClCompile Include="features\debug_view.cpp">
      <Filter>Quelldateien</Filter>
    </ClCompile>
    <ClCompile Include="features\inventory_changer.cpp">
      <Filter>Quelldateien</Filter>
    </ClCompile>
  </ItemGroup>
</Project>